<?xml version="1.0" encoding="UTF-8" standalone="yes" ?>
<CodeBlocks_project_file>
	<FileVersion major="1" minor="6" />
	<Project>
		<Option title="Photo Sphere Viewer" />
		<Option pch_mode="2" />
		<Option compiler="gcc" />
		<Build>
			<Target title="Debug">
				<Option output="bin/Debug/PhotoSphereViewer" prefix_auto="1" extension_auto="1" />
				<Option object_output="obj/Debug/" />
				<Option type="1" />
				<Option compiler="gcc" />
				<Option parameters="../assets/PhotoSphereTestImage.jpg" />
				<Compiler>
					<Add option="-std=c++11" />
					<Add option="-g" />
					<Add directory="include" />
				</Compiler>
			</Target>
			<Target title="Release">
				<Option output="bin/Release/PhotoSphereViewer" prefix_auto="1" extension_auto="1" />
				<Option object_output="obj/Release/" />
				<Option type="1" />
				<Option compiler="gcc" />
				<Option parameters="../assets/PhotoSphereTestImage2.jpg" />
				<Compiler>
					<Add option="-O2" />
					<Add option="-DWIN_ENV" />
					<Add directory="include" />
				</Compiler>
				<Linker>
					<Add option="-s" />
				</Linker>
			</Target>
		</Build>
		<Compiler>
			<Add option="-pedantic-errors" />
			<Add option="-Wall" />
			<Add option="-std=c++11" />
			<Add option="-Wno-unknown-pragmas" />
			<Add option="-DWIN_ENV=1" />
			<Add option="-DXMP_StaticBuild=1" />
			<Add option="-DWIN32=1" />
			<Add option="-DNOMINMAX" />
			<Add directory="../../ThirdParty/freeglut/include" />
			<Add directory="../../ThirdParty/FreeImage/include" />
			<Add directory="../../ThirdParty/glew/include" />
			<Add directory="../../ThirdParty/glm" />
			<Add directory="../../ThirdParty/XMP/include" />
			<Add directory="../../Utilities" />
		</Compiler>
		<Linker>
			<Add option="-lopengl32" />
			<Add option="-lglu32" />
			<Add option="-lfreeglut" />
			<Add option="-lFreeImage" />
			<Add option="-lglew32" />
			<Add option="-lXMPCoreStatic" />
			<Add option="-lXMPFilesStatic" />
			<Add option="-lRpcrt4" />
			<Add option="-lkernel32" />
			<Add option="-luser32" />
			<Add option="-lgdi32" />
			<Add option="-lwinspool" />
			<Add option="-lshell32" />
			<Add option="-lole32" />
			<Add option="-loleaut32" />
			<Add option="-luuid" />
			<Add option="-lcomdlg32" />
			<Add option="-ladvapi32" />
			<Add directory="../../ThirdParty/freeglut/lib" />
			<Add directory="../../ThirdParty/FreeImage/lib" />
			<Add directory="../../ThirdParty/glew/lib" />
			<Add directory="../../ThirdParty/XMP/libraries" />
		</Linker>
		<Unit filename="ErrorHandler.h" />
		<Unit filename="PhotoSphere.cpp" />
		<Unit filename="PhotoSphere.h" />
		<Unit filename="PhotoSphereProperty.cpp" />
		<Unit filename="PhotoSphereProperty.h" />
		<Unit filename="Utilities.cpp" />
		<Unit filename="Utilities.h" />
		<Unit filename="Window.h" />
		<Unit filename="XMP_config.h" />
		<Unit filename="main.cpp" />
		<Extensions>
			<code_completion />
			<envvars />
			<debugger />
			<lib_finder disable_auto="1" />
		</Extensions>
	</Project>
</CodeBlocks_project_file>
