<?xml version="1.0" encoding="UTF-8"?>
<CodeBlocks_project_file>
	<FileVersion major="1" minor="6"/>
	<Project>
		<Option title="PhotoSphereViewer"/>
		<Option makefile_is_custom="1"/>
		<Option compiler="gcc"/>
		<Option virtualFolders="CMake Files\;CMake Files\cmake\;CMake Files\cmake\Modules\;CMake Files\packages\;CMake Files\packages\cxpl\;CMake Files\packages\cxpl\src\;CMake Files\packages\cxpl\src\tests\;CMake Files\packages\cxpl\src\tests\Core\;CMake Files\packages\cxpl\src\tests\GL\;CMake Files\packages\cxpl\src\tools\;CMake Files\src\;"/>
		<Build>
			<Target title="all">
				<Option working_dir="C:/msys64/home/eecur/PhotoSphereViewer/Build-Debug"/>
				<Option type="4"/>
				<MakeCommands>
					<Build command="C:/msys64/usr/bin/make.exe -f &quot;C:/msys64/home/eecur/PhotoSphereViewer/Build-Debug/Makefile&quot;  VERBOSE=1 all"/>
					<CompileFile command="C:/msys64/usr/bin/make.exe -f &quot;C:/msys64/home/eecur/PhotoSphereViewer/Build-Debug/Makefile&quot;  VERBOSE=1 &quot;$file&quot;"/>
					<Clean command="C:/msys64/usr/bin/make.exe -f &quot;C:/msys64/home/eecur/PhotoSphereViewer/Build-Debug/Makefile&quot;  VERBOSE=1 clean"/>
					<DistClean command="C:/msys64/usr/bin/make.exe -f &quot;C:/msys64/home/eecur/PhotoSphereViewer/Build-Debug/Makefile&quot;  VERBOSE=1 clean"/>
				</MakeCommands>
			</Target>
			<Target title="rebuild_cache">
				<Option working_dir="C:/msys64/home/eecur/PhotoSphereViewer/Build-Debug"/>
				<Option type="4"/>
				<MakeCommands>
					<Build command="C:/msys64/usr/bin/make.exe -f &quot;C:/msys64/home/eecur/PhotoSphereViewer/Build-Debug/Makefile&quot;  VERBOSE=1 rebuild_cache"/>
					<CompileFile command="C:/msys64/usr/bin/make.exe -f &quot;C:/msys64/home/eecur/PhotoSphereViewer/Build-Debug/Makefile&quot;  VERBOSE=1 &quot;$file&quot;"/>
					<Clean command="C:/msys64/usr/bin/make.exe -f &quot;C:/msys64/home/eecur/PhotoSphereViewer/Build-Debug/Makefile&quot;  VERBOSE=1 clean"/>
					<DistClean command="C:/msys64/usr/bin/make.exe -f &quot;C:/msys64/home/eecur/PhotoSphereViewer/Build-Debug/Makefile&quot;  VERBOSE=1 clean"/>
				</MakeCommands>
			</Target>
			<Target title="edit_cache">
				<Option working_dir="C:/msys64/home/eecur/PhotoSphereViewer/Build-Debug"/>
				<Option type="4"/>
				<MakeCommands>
					<Build command="C:/msys64/usr/bin/make.exe -f &quot;C:/msys64/home/eecur/PhotoSphereViewer/Build-Debug/Makefile&quot;  VERBOSE=1 edit_cache"/>
					<CompileFile command="C:/msys64/usr/bin/make.exe -f &quot;C:/msys64/home/eecur/PhotoSphereViewer/Build-Debug/Makefile&quot;  VERBOSE=1 &quot;$file&quot;"/>
					<Clean command="C:/msys64/usr/bin/make.exe -f &quot;C:/msys64/home/eecur/PhotoSphereViewer/Build-Debug/Makefile&quot;  VERBOSE=1 clean"/>
					<DistClean command="C:/msys64/usr/bin/make.exe -f &quot;C:/msys64/home/eecur/PhotoSphereViewer/Build-Debug/Makefile&quot;  VERBOSE=1 clean"/>
				</MakeCommands>
			</Target>
			<Target title="PhotoSphereViewer">
				<Option output="C:/msys64/home/eecur/PhotoSphereViewer/Build-Debug/PhotoSphereViewer.exe" prefix_auto="0" extension_auto="0"/>
				<Option working_dir="C:/msys64/home/eecur/PhotoSphereViewer/Build-Debug"/>
				<Option object_output="./"/>
				<Option type="1"/>
				<Option compiler="gcc"/>
				<Compiler>
					<Add directory="C:/msys64/home/eecur/PhotoSphereViewer/PUBLIC"/>
					<Add directory="C:/msys64/mingw64/include"/>
					<Add directory="C:/msys64/home/eecur/PhotoSphereViewer/packages/cxpl/include"/>
					<Add directory="C:/msys64/home/eecur/PhotoSphereViewer/include"/>
					<Add directory="C:/msys64/mingw64/bin/../lib/gcc/x86_64-w64-mingw32/6.3.0/../../../../include/c++/6.3.0"/>
					<Add directory="C:/msys64/mingw64/bin/../lib/gcc/x86_64-w64-mingw32/6.3.0/../../../../include/c++/6.3.0/x86_64-w64-mingw32"/>
					<Add directory="C:/msys64/mingw64/bin/../lib/gcc/x86_64-w64-mingw32/6.3.0/../../../../include/c++/6.3.0/backward"/>
					<Add directory="C:/msys64/mingw64/bin/../lib/gcc/x86_64-w64-mingw32/6.3.0/include"/>
					<Add directory="C:/msys64/mingw64/bin/../lib/gcc/x86_64-w64-mingw32/6.3.0/../../../../include"/>
					<Add directory="C:/msys64/mingw64/bin/../lib/gcc/x86_64-w64-mingw32/6.3.0/include-fixed"/>
					<Add directory="C:/msys64/mingw64/bin/../lib/gcc/x86_64-w64-mingw32/6.3.0/../../../../x86_64-w64-mingw32/include"/>
				</Compiler>
				<MakeCommands>
					<Build command="C:/msys64/usr/bin/make.exe -f &quot;C:/msys64/home/eecur/PhotoSphereViewer/Build-Debug/Makefile&quot;  VERBOSE=1 PhotoSphereViewer"/>
					<CompileFile command="C:/msys64/usr/bin/make.exe -f &quot;C:/msys64/home/eecur/PhotoSphereViewer/Build-Debug/Makefile&quot;  VERBOSE=1 &quot;$file&quot;"/>
					<Clean command="C:/msys64/usr/bin/make.exe -f &quot;C:/msys64/home/eecur/PhotoSphereViewer/Build-Debug/Makefile&quot;  VERBOSE=1 clean"/>
					<DistClean command="C:/msys64/usr/bin/make.exe -f &quot;C:/msys64/home/eecur/PhotoSphereViewer/Build-Debug/Makefile&quot;  VERBOSE=1 clean"/>
				</MakeCommands>
			</Target>
			<Target title="PhotoSphereViewer/fast">
				<Option output="C:/msys64/home/eecur/PhotoSphereViewer/Build-Debug/PhotoSphereViewer.exe" prefix_auto="0" extension_auto="0"/>
				<Option working_dir="C:/msys64/home/eecur/PhotoSphereViewer/Build-Debug"/>
				<Option object_output="./"/>
				<Option type="1"/>
				<Option compiler="gcc"/>
				<Compiler>
					<Add directory="C:/msys64/home/eecur/PhotoSphereViewer/PUBLIC"/>
					<Add directory="C:/msys64/mingw64/include"/>
					<Add directory="C:/msys64/home/eecur/PhotoSphereViewer/packages/cxpl/include"/>
					<Add directory="C:/msys64/home/eecur/PhotoSphereViewer/include"/>
					<Add directory="C:/msys64/mingw64/bin/../lib/gcc/x86_64-w64-mingw32/6.3.0/../../../../include/c++/6.3.0"/>
					<Add directory="C:/msys64/mingw64/bin/../lib/gcc/x86_64-w64-mingw32/6.3.0/../../../../include/c++/6.3.0/x86_64-w64-mingw32"/>
					<Add directory="C:/msys64/mingw64/bin/../lib/gcc/x86_64-w64-mingw32/6.3.0/../../../../include/c++/6.3.0/backward"/>
					<Add directory="C:/msys64/mingw64/bin/../lib/gcc/x86_64-w64-mingw32/6.3.0/include"/>
					<Add directory="C:/msys64/mingw64/bin/../lib/gcc/x86_64-w64-mingw32/6.3.0/../../../../include"/>
					<Add directory="C:/msys64/mingw64/bin/../lib/gcc/x86_64-w64-mingw32/6.3.0/include-fixed"/>
					<Add directory="C:/msys64/mingw64/bin/../lib/gcc/x86_64-w64-mingw32/6.3.0/../../../../x86_64-w64-mingw32/include"/>
				</Compiler>
				<MakeCommands>
					<Build command="C:/msys64/usr/bin/make.exe -f &quot;C:/msys64/home/eecur/PhotoSphereViewer/Build-Debug/Makefile&quot;  VERBOSE=1 PhotoSphereViewer/fast"/>
					<CompileFile command="C:/msys64/usr/bin/make.exe -f &quot;C:/msys64/home/eecur/PhotoSphereViewer/Build-Debug/Makefile&quot;  VERBOSE=1 &quot;$file&quot;"/>
					<Clean command="C:/msys64/usr/bin/make.exe -f &quot;C:/msys64/home/eecur/PhotoSphereViewer/Build-Debug/Makefile&quot;  VERBOSE=1 clean"/>
					<DistClean command="C:/msys64/usr/bin/make.exe -f &quot;C:/msys64/home/eecur/PhotoSphereViewer/Build-Debug/Makefile&quot;  VERBOSE=1 clean"/>
				</MakeCommands>
			</Target>
			<Target title="DynamicLoader">
				<Option output="C:/msys64/home/eecur/PhotoSphereViewer/Build-Debug/packages/cxpl/src/tests/Core/DynamicLoader.exe" prefix_auto="0" extension_auto="0"/>
				<Option working_dir="C:/msys64/home/eecur/PhotoSphereViewer/Build-Debug/packages/cxpl/src/tests/Core"/>
				<Option object_output="./"/>
				<Option type="1"/>
				<Option compiler="gcc"/>
				<Compiler>
					<Add directory="C:/msys64/home/eecur/PhotoSphereViewer/PUBLIC"/>
					<Add directory="C:/msys64/mingw64/include"/>
					<Add directory="C:/msys64/home/eecur/PhotoSphereViewer/packages/cxpl/include"/>
					<Add directory="C:/msys64/mingw64/bin/../lib/gcc/x86_64-w64-mingw32/6.3.0/../../../../include/c++/6.3.0"/>
					<Add directory="C:/msys64/mingw64/bin/../lib/gcc/x86_64-w64-mingw32/6.3.0/../../../../include/c++/6.3.0/x86_64-w64-mingw32"/>
					<Add directory="C:/msys64/mingw64/bin/../lib/gcc/x86_64-w64-mingw32/6.3.0/../../../../include/c++/6.3.0/backward"/>
					<Add directory="C:/msys64/mingw64/bin/../lib/gcc/x86_64-w64-mingw32/6.3.0/include"/>
					<Add directory="C:/msys64/mingw64/bin/../lib/gcc/x86_64-w64-mingw32/6.3.0/../../../../include"/>
					<Add directory="C:/msys64/mingw64/bin/../lib/gcc/x86_64-w64-mingw32/6.3.0/include-fixed"/>
					<Add directory="C:/msys64/mingw64/bin/../lib/gcc/x86_64-w64-mingw32/6.3.0/../../../../x86_64-w64-mingw32/include"/>
				</Compiler>
				<MakeCommands>
					<Build command="C:/msys64/usr/bin/make.exe -f &quot;C:/msys64/home/eecur/PhotoSphereViewer/Build-Debug/packages/cxpl/src/tests/Core/Makefile&quot;  VERBOSE=1 DynamicLoader"/>
					<CompileFile command="C:/msys64/usr/bin/make.exe -f &quot;C:/msys64/home/eecur/PhotoSphereViewer/Build-Debug/packages/cxpl/src/tests/Core/Makefile&quot;  VERBOSE=1 &quot;$file&quot;"/>
					<Clean command="C:/msys64/usr/bin/make.exe -f &quot;C:/msys64/home/eecur/PhotoSphereViewer/Build-Debug/packages/cxpl/src/tests/Core/Makefile&quot;  VERBOSE=1 clean"/>
					<DistClean command="C:/msys64/usr/bin/make.exe -f &quot;C:/msys64/home/eecur/PhotoSphereViewer/Build-Debug/packages/cxpl/src/tests/Core/Makefile&quot;  VERBOSE=1 clean"/>
				</MakeCommands>
			</Target>
			<Target title="DynamicLoader/fast">
				<Option output="C:/msys64/home/eecur/PhotoSphereViewer/Build-Debug/packages/cxpl/src/tests/Core/DynamicLoader.exe" prefix_auto="0" extension_auto="0"/>
				<Option working_dir="C:/msys64/home/eecur/PhotoSphereViewer/Build-Debug/packages/cxpl/src/tests/Core"/>
				<Option object_output="./"/>
				<Option type="1"/>
				<Option compiler="gcc"/>
				<Compiler>
					<Add directory="C:/msys64/home/eecur/PhotoSphereViewer/PUBLIC"/>
					<Add directory="C:/msys64/mingw64/include"/>
					<Add directory="C:/msys64/home/eecur/PhotoSphereViewer/packages/cxpl/include"/>
					<Add directory="C:/msys64/mingw64/bin/../lib/gcc/x86_64-w64-mingw32/6.3.0/../../../../include/c++/6.3.0"/>
					<Add directory="C:/msys64/mingw64/bin/../lib/gcc/x86_64-w64-mingw32/6.3.0/../../../../include/c++/6.3.0/x86_64-w64-mingw32"/>
					<Add directory="C:/msys64/mingw64/bin/../lib/gcc/x86_64-w64-mingw32/6.3.0/../../../../include/c++/6.3.0/backward"/>
					<Add directory="C:/msys64/mingw64/bin/../lib/gcc/x86_64-w64-mingw32/6.3.0/include"/>
					<Add directory="C:/msys64/mingw64/bin/../lib/gcc/x86_64-w64-mingw32/6.3.0/../../../../include"/>
					<Add directory="C:/msys64/mingw64/bin/../lib/gcc/x86_64-w64-mingw32/6.3.0/include-fixed"/>
					<Add directory="C:/msys64/mingw64/bin/../lib/gcc/x86_64-w64-mingw32/6.3.0/../../../../x86_64-w64-mingw32/include"/>
				</Compiler>
				<MakeCommands>
					<Build command="C:/msys64/usr/bin/make.exe -f &quot;C:/msys64/home/eecur/PhotoSphereViewer/Build-Debug/packages/cxpl/src/tests/Core/Makefile&quot;  VERBOSE=1 DynamicLoader/fast"/>
					<CompileFile command="C:/msys64/usr/bin/make.exe -f &quot;C:/msys64/home/eecur/PhotoSphereViewer/Build-Debug/packages/cxpl/src/tests/Core/Makefile&quot;  VERBOSE=1 &quot;$file&quot;"/>
					<Clean command="C:/msys64/usr/bin/make.exe -f &quot;C:/msys64/home/eecur/PhotoSphereViewer/Build-Debug/packages/cxpl/src/tests/Core/Makefile&quot;  VERBOSE=1 clean"/>
					<DistClean command="C:/msys64/usr/bin/make.exe -f &quot;C:/msys64/home/eecur/PhotoSphereViewer/Build-Debug/packages/cxpl/src/tests/Core/Makefile&quot;  VERBOSE=1 clean"/>
				</MakeCommands>
			</Target>
			<Target title="DependentVar1">
				<Option output="C:/msys64/home/eecur/PhotoSphereViewer/Build-Debug/packages/cxpl/src/tests/Core/DependentVar1.exe" prefix_auto="0" extension_auto="0"/>
				<Option working_dir="C:/msys64/home/eecur/PhotoSphereViewer/Build-Debug/packages/cxpl/src/tests/Core"/>
				<Option object_output="./"/>
				<Option type="1"/>
				<Option compiler="gcc"/>
				<Compiler>
					<Add directory="C:/msys64/home/eecur/PhotoSphereViewer/PUBLIC"/>
					<Add directory="C:/msys64/mingw64/include"/>
					<Add directory="C:/msys64/home/eecur/PhotoSphereViewer/packages/cxpl/include"/>
					<Add directory="C:/msys64/mingw64/bin/../lib/gcc/x86_64-w64-mingw32/6.3.0/../../../../include/c++/6.3.0"/>
					<Add directory="C:/msys64/mingw64/bin/../lib/gcc/x86_64-w64-mingw32/6.3.0/../../../../include/c++/6.3.0/x86_64-w64-mingw32"/>
					<Add directory="C:/msys64/mingw64/bin/../lib/gcc/x86_64-w64-mingw32/6.3.0/../../../../include/c++/6.3.0/backward"/>
					<Add directory="C:/msys64/mingw64/bin/../lib/gcc/x86_64-w64-mingw32/6.3.0/include"/>
					<Add directory="C:/msys64/mingw64/bin/../lib/gcc/x86_64-w64-mingw32/6.3.0/../../../../include"/>
					<Add directory="C:/msys64/mingw64/bin/../lib/gcc/x86_64-w64-mingw32/6.3.0/include-fixed"/>
					<Add directory="C:/msys64/mingw64/bin/../lib/gcc/x86_64-w64-mingw32/6.3.0/../../../../x86_64-w64-mingw32/include"/>
				</Compiler>
				<MakeCommands>
					<Build command="C:/msys64/usr/bin/make.exe -f &quot;C:/msys64/home/eecur/PhotoSphereViewer/Build-Debug/packages/cxpl/src/tests/Core/Makefile&quot;  VERBOSE=1 DependentVar1"/>
					<CompileFile command="C:/msys64/usr/bin/make.exe -f &quot;C:/msys64/home/eecur/PhotoSphereViewer/Build-Debug/packages/cxpl/src/tests/Core/Makefile&quot;  VERBOSE=1 &quot;$file&quot;"/>
					<Clean command="C:/msys64/usr/bin/make.exe -f &quot;C:/msys64/home/eecur/PhotoSphereViewer/Build-Debug/packages/cxpl/src/tests/Core/Makefile&quot;  VERBOSE=1 clean"/>
					<DistClean command="C:/msys64/usr/bin/make.exe -f &quot;C:/msys64/home/eecur/PhotoSphereViewer/Build-Debug/packages/cxpl/src/tests/Core/Makefile&quot;  VERBOSE=1 clean"/>
				</MakeCommands>
			</Target>
			<Target title="DependentVar1/fast">
				<Option output="C:/msys64/home/eecur/PhotoSphereViewer/Build-Debug/packages/cxpl/src/tests/Core/DependentVar1.exe" prefix_auto="0" extension_auto="0"/>
				<Option working_dir="C:/msys64/home/eecur/PhotoSphereViewer/Build-Debug/packages/cxpl/src/tests/Core"/>
				<Option object_output="./"/>
				<Option type="1"/>
				<Option compiler="gcc"/>
				<Compiler>
					<Add directory="C:/msys64/home/eecur/PhotoSphereViewer/PUBLIC"/>
					<Add directory="C:/msys64/mingw64/include"/>
					<Add directory="C:/msys64/home/eecur/PhotoSphereViewer/packages/cxpl/include"/>
					<Add directory="C:/msys64/mingw64/bin/../lib/gcc/x86_64-w64-mingw32/6.3.0/../../../../include/c++/6.3.0"/>
					<Add directory="C:/msys64/mingw64/bin/../lib/gcc/x86_64-w64-mingw32/6.3.0/../../../../include/c++/6.3.0/x86_64-w64-mingw32"/>
					<Add directory="C:/msys64/mingw64/bin/../lib/gcc/x86_64-w64-mingw32/6.3.0/../../../../include/c++/6.3.0/backward"/>
					<Add directory="C:/msys64/mingw64/bin/../lib/gcc/x86_64-w64-mingw32/6.3.0/include"/>
					<Add directory="C:/msys64/mingw64/bin/../lib/gcc/x86_64-w64-mingw32/6.3.0/../../../../include"/>
					<Add directory="C:/msys64/mingw64/bin/../lib/gcc/x86_64-w64-mingw32/6.3.0/include-fixed"/>
					<Add directory="C:/msys64/mingw64/bin/../lib/gcc/x86_64-w64-mingw32/6.3.0/../../../../x86_64-w64-mingw32/include"/>
				</Compiler>
				<MakeCommands>
					<Build command="C:/msys64/usr/bin/make.exe -f &quot;C:/msys64/home/eecur/PhotoSphereViewer/Build-Debug/packages/cxpl/src/tests/Core/Makefile&quot;  VERBOSE=1 DependentVar1/fast"/>
					<CompileFile command="C:/msys64/usr/bin/make.exe -f &quot;C:/msys64/home/eecur/PhotoSphereViewer/Build-Debug/packages/cxpl/src/tests/Core/Makefile&quot;  VERBOSE=1 &quot;$file&quot;"/>
					<Clean command="C:/msys64/usr/bin/make.exe -f &quot;C:/msys64/home/eecur/PhotoSphereViewer/Build-Debug/packages/cxpl/src/tests/Core/Makefile&quot;  VERBOSE=1 clean"/>
					<DistClean command="C:/msys64/usr/bin/make.exe -f &quot;C:/msys64/home/eecur/PhotoSphereViewer/Build-Debug/packages/cxpl/src/tests/Core/Makefile&quot;  VERBOSE=1 clean"/>
				</MakeCommands>
			</Target>
			<Target title="testDynamicLoaderLib1">
				<Option output="C:/msys64/home/eecur/PhotoSphereViewer/Build-Debug/packages/cxpl/src/tests/Core/libtestDynamicLoaderLib1.dll" prefix_auto="0" extension_auto="0"/>
				<Option working_dir="C:/msys64/home/eecur/PhotoSphereViewer/Build-Debug/packages/cxpl/src/tests/Core"/>
				<Option object_output="./"/>
				<Option type="3"/>
				<Option compiler="gcc"/>
				<Compiler>
					<Add directory="C:/msys64/home/eecur/PhotoSphereViewer/PUBLIC"/>
					<Add directory="C:/msys64/mingw64/include"/>
					<Add directory="C:/msys64/home/eecur/PhotoSphereViewer/packages/cxpl/include"/>
					<Add directory="C:/msys64/mingw64/bin/../lib/gcc/x86_64-w64-mingw32/6.3.0/../../../../include/c++/6.3.0"/>
					<Add directory="C:/msys64/mingw64/bin/../lib/gcc/x86_64-w64-mingw32/6.3.0/../../../../include/c++/6.3.0/x86_64-w64-mingw32"/>
					<Add directory="C:/msys64/mingw64/bin/../lib/gcc/x86_64-w64-mingw32/6.3.0/../../../../include/c++/6.3.0/backward"/>
					<Add directory="C:/msys64/mingw64/bin/../lib/gcc/x86_64-w64-mingw32/6.3.0/include"/>
					<Add directory="C:/msys64/mingw64/bin/../lib/gcc/x86_64-w64-mingw32/6.3.0/../../../../include"/>
					<Add directory="C:/msys64/mingw64/bin/../lib/gcc/x86_64-w64-mingw32/6.3.0/include-fixed"/>
					<Add directory="C:/msys64/mingw64/bin/../lib/gcc/x86_64-w64-mingw32/6.3.0/../../../../x86_64-w64-mingw32/include"/>
				</Compiler>
				<MakeCommands>
					<Build command="C:/msys64/usr/bin/make.exe -f &quot;C:/msys64/home/eecur/PhotoSphereViewer/Build-Debug/packages/cxpl/src/tests/Core/Makefile&quot;  VERBOSE=1 testDynamicLoaderLib1"/>
					<CompileFile command="C:/msys64/usr/bin/make.exe -f &quot;C:/msys64/home/eecur/PhotoSphereViewer/Build-Debug/packages/cxpl/src/tests/Core/Makefile&quot;  VERBOSE=1 &quot;$file&quot;"/>
					<Clean command="C:/msys64/usr/bin/make.exe -f &quot;C:/msys64/home/eecur/PhotoSphereViewer/Build-Debug/packages/cxpl/src/tests/Core/Makefile&quot;  VERBOSE=1 clean"/>
					<DistClean command="C:/msys64/usr/bin/make.exe -f &quot;C:/msys64/home/eecur/PhotoSphereViewer/Build-Debug/packages/cxpl/src/tests/Core/Makefile&quot;  VERBOSE=1 clean"/>
				</MakeCommands>
			</Target>
			<Target title="testDynamicLoaderLib1/fast">
				<Option output="C:/msys64/home/eecur/PhotoSphereViewer/Build-Debug/packages/cxpl/src/tests/Core/libtestDynamicLoaderLib1.dll" prefix_auto="0" extension_auto="0"/>
				<Option working_dir="C:/msys64/home/eecur/PhotoSphereViewer/Build-Debug/packages/cxpl/src/tests/Core"/>
				<Option object_output="./"/>
				<Option type="3"/>
				<Option compiler="gcc"/>
				<Compiler>
					<Add directory="C:/msys64/home/eecur/PhotoSphereViewer/PUBLIC"/>
					<Add directory="C:/msys64/mingw64/include"/>
					<Add directory="C:/msys64/home/eecur/PhotoSphereViewer/packages/cxpl/include"/>
					<Add directory="C:/msys64/mingw64/bin/../lib/gcc/x86_64-w64-mingw32/6.3.0/../../../../include/c++/6.3.0"/>
					<Add directory="C:/msys64/mingw64/bin/../lib/gcc/x86_64-w64-mingw32/6.3.0/../../../../include/c++/6.3.0/x86_64-w64-mingw32"/>
					<Add directory="C:/msys64/mingw64/bin/../lib/gcc/x86_64-w64-mingw32/6.3.0/../../../../include/c++/6.3.0/backward"/>
					<Add directory="C:/msys64/mingw64/bin/../lib/gcc/x86_64-w64-mingw32/6.3.0/include"/>
					<Add directory="C:/msys64/mingw64/bin/../lib/gcc/x86_64-w64-mingw32/6.3.0/../../../../include"/>
					<Add directory="C:/msys64/mingw64/bin/../lib/gcc/x86_64-w64-mingw32/6.3.0/include-fixed"/>
					<Add directory="C:/msys64/mingw64/bin/../lib/gcc/x86_64-w64-mingw32/6.3.0/../../../../x86_64-w64-mingw32/include"/>
				</Compiler>
				<MakeCommands>
					<Build command="C:/msys64/usr/bin/make.exe -f &quot;C:/msys64/home/eecur/PhotoSphereViewer/Build-Debug/packages/cxpl/src/tests/Core/Makefile&quot;  VERBOSE=1 testDynamicLoaderLib1/fast"/>
					<CompileFile command="C:/msys64/usr/bin/make.exe -f &quot;C:/msys64/home/eecur/PhotoSphereViewer/Build-Debug/packages/cxpl/src/tests/Core/Makefile&quot;  VERBOSE=1 &quot;$file&quot;"/>
					<Clean command="C:/msys64/usr/bin/make.exe -f &quot;C:/msys64/home/eecur/PhotoSphereViewer/Build-Debug/packages/cxpl/src/tests/Core/Makefile&quot;  VERBOSE=1 clean"/>
					<DistClean command="C:/msys64/usr/bin/make.exe -f &quot;C:/msys64/home/eecur/PhotoSphereViewer/Build-Debug/packages/cxpl/src/tests/Core/Makefile&quot;  VERBOSE=1 clean"/>
				</MakeCommands>
			</Target>
			<Target title="testDynamicLoaderLib2">
				<Option output="C:/msys64/home/eecur/PhotoSphereViewer/Build-Debug/packages/cxpl/src/tests/Core/libtestDynamicLoaderLib2.dll" prefix_auto="0" extension_auto="0"/>
				<Option working_dir="C:/msys64/home/eecur/PhotoSphereViewer/Build-Debug/packages/cxpl/src/tests/Core"/>
				<Option object_output="./"/>
				<Option type="3"/>
				<Option compiler="gcc"/>
				<Compiler>
					<Add directory="C:/msys64/home/eecur/PhotoSphereViewer/PUBLIC"/>
					<Add directory="C:/msys64/mingw64/include"/>
					<Add directory="C:/msys64/home/eecur/PhotoSphereViewer/packages/cxpl/include"/>
					<Add directory="C:/msys64/mingw64/bin/../lib/gcc/x86_64-w64-mingw32/6.3.0/../../../../include/c++/6.3.0"/>
					<Add directory="C:/msys64/mingw64/bin/../lib/gcc/x86_64-w64-mingw32/6.3.0/../../../../include/c++/6.3.0/x86_64-w64-mingw32"/>
					<Add directory="C:/msys64/mingw64/bin/../lib/gcc/x86_64-w64-mingw32/6.3.0/../../../../include/c++/6.3.0/backward"/>
					<Add directory="C:/msys64/mingw64/bin/../lib/gcc/x86_64-w64-mingw32/6.3.0/include"/>
					<Add directory="C:/msys64/mingw64/bin/../lib/gcc/x86_64-w64-mingw32/6.3.0/../../../../include"/>
					<Add directory="C:/msys64/mingw64/bin/../lib/gcc/x86_64-w64-mingw32/6.3.0/include-fixed"/>
					<Add directory="C:/msys64/mingw64/bin/../lib/gcc/x86_64-w64-mingw32/6.3.0/../../../../x86_64-w64-mingw32/include"/>
				</Compiler>
				<MakeCommands>
					<Build command="C:/msys64/usr/bin/make.exe -f &quot;C:/msys64/home/eecur/PhotoSphereViewer/Build-Debug/packages/cxpl/src/tests/Core/Makefile&quot;  VERBOSE=1 testDynamicLoaderLib2"/>
					<CompileFile command="C:/msys64/usr/bin/make.exe -f &quot;C:/msys64/home/eecur/PhotoSphereViewer/Build-Debug/packages/cxpl/src/tests/Core/Makefile&quot;  VERBOSE=1 &quot;$file&quot;"/>
					<Clean command="C:/msys64/usr/bin/make.exe -f &quot;C:/msys64/home/eecur/PhotoSphereViewer/Build-Debug/packages/cxpl/src/tests/Core/Makefile&quot;  VERBOSE=1 clean"/>
					<DistClean command="C:/msys64/usr/bin/make.exe -f &quot;C:/msys64/home/eecur/PhotoSphereViewer/Build-Debug/packages/cxpl/src/tests/Core/Makefile&quot;  VERBOSE=1 clean"/>
				</MakeCommands>
			</Target>
			<Target title="testDynamicLoaderLib2/fast">
				<Option output="C:/msys64/home/eecur/PhotoSphereViewer/Build-Debug/packages/cxpl/src/tests/Core/libtestDynamicLoaderLib2.dll" prefix_auto="0" extension_auto="0"/>
				<Option working_dir="C:/msys64/home/eecur/PhotoSphereViewer/Build-Debug/packages/cxpl/src/tests/Core"/>
				<Option object_output="./"/>
				<Option type="3"/>
				<Option compiler="gcc"/>
				<Compiler>
					<Add directory="C:/msys64/home/eecur/PhotoSphereViewer/PUBLIC"/>
					<Add directory="C:/msys64/mingw64/include"/>
					<Add directory="C:/msys64/home/eecur/PhotoSphereViewer/packages/cxpl/include"/>
					<Add directory="C:/msys64/mingw64/bin/../lib/gcc/x86_64-w64-mingw32/6.3.0/../../../../include/c++/6.3.0"/>
					<Add directory="C:/msys64/mingw64/bin/../lib/gcc/x86_64-w64-mingw32/6.3.0/../../../../include/c++/6.3.0/x86_64-w64-mingw32"/>
					<Add directory="C:/msys64/mingw64/bin/../lib/gcc/x86_64-w64-mingw32/6.3.0/../../../../include/c++/6.3.0/backward"/>
					<Add directory="C:/msys64/mingw64/bin/../lib/gcc/x86_64-w64-mingw32/6.3.0/include"/>
					<Add directory="C:/msys64/mingw64/bin/../lib/gcc/x86_64-w64-mingw32/6.3.0/../../../../include"/>
					<Add directory="C:/msys64/mingw64/bin/../lib/gcc/x86_64-w64-mingw32/6.3.0/include-fixed"/>
					<Add directory="C:/msys64/mingw64/bin/../lib/gcc/x86_64-w64-mingw32/6.3.0/../../../../x86_64-w64-mingw32/include"/>
				</Compiler>
				<MakeCommands>
					<Build command="C:/msys64/usr/bin/make.exe -f &quot;C:/msys64/home/eecur/PhotoSphereViewer/Build-Debug/packages/cxpl/src/tests/Core/Makefile&quot;  VERBOSE=1 testDynamicLoaderLib2/fast"/>
					<CompileFile command="C:/msys64/usr/bin/make.exe -f &quot;C:/msys64/home/eecur/PhotoSphereViewer/Build-Debug/packages/cxpl/src/tests/Core/Makefile&quot;  VERBOSE=1 &quot;$file&quot;"/>
					<Clean command="C:/msys64/usr/bin/make.exe -f &quot;C:/msys64/home/eecur/PhotoSphereViewer/Build-Debug/packages/cxpl/src/tests/Core/Makefile&quot;  VERBOSE=1 clean"/>
					<DistClean command="C:/msys64/usr/bin/make.exe -f &quot;C:/msys64/home/eecur/PhotoSphereViewer/Build-Debug/packages/cxpl/src/tests/Core/Makefile&quot;  VERBOSE=1 clean"/>
				</MakeCommands>
			</Target>
			<Target title="DependentVar">
				<Option output="C:/msys64/home/eecur/PhotoSphereViewer/Build-Debug/packages/cxpl/src/tests/Core/DependentVar.exe" prefix_auto="0" extension_auto="0"/>
				<Option working_dir="C:/msys64/home/eecur/PhotoSphereViewer/Build-Debug/packages/cxpl/src/tests/Core"/>
				<Option object_output="./"/>
				<Option type="1"/>
				<Option compiler="gcc"/>
				<Compiler>
					<Add directory="C:/msys64/home/eecur/PhotoSphereViewer/PUBLIC"/>
					<Add directory="C:/msys64/mingw64/include"/>
					<Add directory="C:/msys64/home/eecur/PhotoSphereViewer/packages/cxpl/include"/>
					<Add directory="C:/msys64/mingw64/bin/../lib/gcc/x86_64-w64-mingw32/6.3.0/../../../../include/c++/6.3.0"/>
					<Add directory="C:/msys64/mingw64/bin/../lib/gcc/x86_64-w64-mingw32/6.3.0/../../../../include/c++/6.3.0/x86_64-w64-mingw32"/>
					<Add directory="C:/msys64/mingw64/bin/../lib/gcc/x86_64-w64-mingw32/6.3.0/../../../../include/c++/6.3.0/backward"/>
					<Add directory="C:/msys64/mingw64/bin/../lib/gcc/x86_64-w64-mingw32/6.3.0/include"/>
					<Add directory="C:/msys64/mingw64/bin/../lib/gcc/x86_64-w64-mingw32/6.3.0/../../../../include"/>
					<Add directory="C:/msys64/mingw64/bin/../lib/gcc/x86_64-w64-mingw32/6.3.0/include-fixed"/>
					<Add directory="C:/msys64/mingw64/bin/../lib/gcc/x86_64-w64-mingw32/6.3.0/../../../../x86_64-w64-mingw32/include"/>
				</Compiler>
				<MakeCommands>
					<Build command="C:/msys64/usr/bin/make.exe -f &quot;C:/msys64/home/eecur/PhotoSphereViewer/Build-Debug/packages/cxpl/src/tests/Core/Makefile&quot;  VERBOSE=1 DependentVar"/>
					<CompileFile command="C:/msys64/usr/bin/make.exe -f &quot;C:/msys64/home/eecur/PhotoSphereViewer/Build-Debug/packages/cxpl/src/tests/Core/Makefile&quot;  VERBOSE=1 &quot;$file&quot;"/>
					<Clean command="C:/msys64/usr/bin/make.exe -f &quot;C:/msys64/home/eecur/PhotoSphereViewer/Build-Debug/packages/cxpl/src/tests/Core/Makefile&quot;  VERBOSE=1 clean"/>
					<DistClean command="C:/msys64/usr/bin/make.exe -f &quot;C:/msys64/home/eecur/PhotoSphereViewer/Build-Debug/packages/cxpl/src/tests/Core/Makefile&quot;  VERBOSE=1 clean"/>
				</MakeCommands>
			</Target>
			<Target title="DependentVar/fast">
				<Option output="C:/msys64/home/eecur/PhotoSphereViewer/Build-Debug/packages/cxpl/src/tests/Core/DependentVar.exe" prefix_auto="0" extension_auto="0"/>
				<Option working_dir="C:/msys64/home/eecur/PhotoSphereViewer/Build-Debug/packages/cxpl/src/tests/Core"/>
				<Option object_output="./"/>
				<Option type="1"/>
				<Option compiler="gcc"/>
				<Compiler>
					<Add directory="C:/msys64/home/eecur/PhotoSphereViewer/PUBLIC"/>
					<Add directory="C:/msys64/mingw64/include"/>
					<Add directory="C:/msys64/home/eecur/PhotoSphereViewer/packages/cxpl/include"/>
					<Add directory="C:/msys64/mingw64/bin/../lib/gcc/x86_64-w64-mingw32/6.3.0/../../../../include/c++/6.3.0"/>
					<Add directory="C:/msys64/mingw64/bin/../lib/gcc/x86_64-w64-mingw32/6.3.0/../../../../include/c++/6.3.0/x86_64-w64-mingw32"/>
					<Add directory="C:/msys64/mingw64/bin/../lib/gcc/x86_64-w64-mingw32/6.3.0/../../../../include/c++/6.3.0/backward"/>
					<Add directory="C:/msys64/mingw64/bin/../lib/gcc/x86_64-w64-mingw32/6.3.0/include"/>
					<Add directory="C:/msys64/mingw64/bin/../lib/gcc/x86_64-w64-mingw32/6.3.0/../../../../include"/>
					<Add directory="C:/msys64/mingw64/bin/../lib/gcc/x86_64-w64-mingw32/6.3.0/include-fixed"/>
					<Add directory="C:/msys64/mingw64/bin/../lib/gcc/x86_64-w64-mingw32/6.3.0/../../../../x86_64-w64-mingw32/include"/>
				</Compiler>
				<MakeCommands>
					<Build command="C:/msys64/usr/bin/make.exe -f &quot;C:/msys64/home/eecur/PhotoSphereViewer/Build-Debug/packages/cxpl/src/tests/Core/Makefile&quot;  VERBOSE=1 DependentVar/fast"/>
					<CompileFile command="C:/msys64/usr/bin/make.exe -f &quot;C:/msys64/home/eecur/PhotoSphereViewer/Build-Debug/packages/cxpl/src/tests/Core/Makefile&quot;  VERBOSE=1 &quot;$file&quot;"/>
					<Clean command="C:/msys64/usr/bin/make.exe -f &quot;C:/msys64/home/eecur/PhotoSphereViewer/Build-Debug/packages/cxpl/src/tests/Core/Makefile&quot;  VERBOSE=1 clean"/>
					<DistClean command="C:/msys64/usr/bin/make.exe -f &quot;C:/msys64/home/eecur/PhotoSphereViewer/Build-Debug/packages/cxpl/src/tests/Core/Makefile&quot;  VERBOSE=1 clean"/>
				</MakeCommands>
			</Target>
			<Target title="ErrorHandler">
				<Option output="C:/msys64/home/eecur/PhotoSphereViewer/Build-Debug/packages/cxpl/src/tests/Core/ErrorHandler.exe" prefix_auto="0" extension_auto="0"/>
				<Option working_dir="C:/msys64/home/eecur/PhotoSphereViewer/Build-Debug/packages/cxpl/src/tests/Core"/>
				<Option object_output="./"/>
				<Option type="1"/>
				<Option compiler="gcc"/>
				<Compiler>
					<Add directory="C:/msys64/home/eecur/PhotoSphereViewer/PUBLIC"/>
					<Add directory="C:/msys64/mingw64/include"/>
					<Add directory="C:/msys64/home/eecur/PhotoSphereViewer/packages/cxpl/include"/>
					<Add directory="C:/msys64/mingw64/bin/../lib/gcc/x86_64-w64-mingw32/6.3.0/../../../../include/c++/6.3.0"/>
					<Add directory="C:/msys64/mingw64/bin/../lib/gcc/x86_64-w64-mingw32/6.3.0/../../../../include/c++/6.3.0/x86_64-w64-mingw32"/>
					<Add directory="C:/msys64/mingw64/bin/../lib/gcc/x86_64-w64-mingw32/6.3.0/../../../../include/c++/6.3.0/backward"/>
					<Add directory="C:/msys64/mingw64/bin/../lib/gcc/x86_64-w64-mingw32/6.3.0/include"/>
					<Add directory="C:/msys64/mingw64/bin/../lib/gcc/x86_64-w64-mingw32/6.3.0/../../../../include"/>
					<Add directory="C:/msys64/mingw64/bin/../lib/gcc/x86_64-w64-mingw32/6.3.0/include-fixed"/>
					<Add directory="C:/msys64/mingw64/bin/../lib/gcc/x86_64-w64-mingw32/6.3.0/../../../../x86_64-w64-mingw32/include"/>
				</Compiler>
				<MakeCommands>
					<Build command="C:/msys64/usr/bin/make.exe -f &quot;C:/msys64/home/eecur/PhotoSphereViewer/Build-Debug/packages/cxpl/src/tests/Core/Makefile&quot;  VERBOSE=1 ErrorHandler"/>
					<CompileFile command="C:/msys64/usr/bin/make.exe -f &quot;C:/msys64/home/eecur/PhotoSphereViewer/Build-Debug/packages/cxpl/src/tests/Core/Makefile&quot;  VERBOSE=1 &quot;$file&quot;"/>
					<Clean command="C:/msys64/usr/bin/make.exe -f &quot;C:/msys64/home/eecur/PhotoSphereViewer/Build-Debug/packages/cxpl/src/tests/Core/Makefile&quot;  VERBOSE=1 clean"/>
					<DistClean command="C:/msys64/usr/bin/make.exe -f &quot;C:/msys64/home/eecur/PhotoSphereViewer/Build-Debug/packages/cxpl/src/tests/Core/Makefile&quot;  VERBOSE=1 clean"/>
				</MakeCommands>
			</Target>
			<Target title="ErrorHandler/fast">
				<Option output="C:/msys64/home/eecur/PhotoSphereViewer/Build-Debug/packages/cxpl/src/tests/Core/ErrorHandler.exe" prefix_auto="0" extension_auto="0"/>
				<Option working_dir="C:/msys64/home/eecur/PhotoSphereViewer/Build-Debug/packages/cxpl/src/tests/Core"/>
				<Option object_output="./"/>
				<Option type="1"/>
				<Option compiler="gcc"/>
				<Compiler>
					<Add directory="C:/msys64/home/eecur/PhotoSphereViewer/PUBLIC"/>
					<Add directory="C:/msys64/mingw64/include"/>
					<Add directory="C:/msys64/home/eecur/PhotoSphereViewer/packages/cxpl/include"/>
					<Add directory="C:/msys64/mingw64/bin/../lib/gcc/x86_64-w64-mingw32/6.3.0/../../../../include/c++/6.3.0"/>
					<Add directory="C:/msys64/mingw64/bin/../lib/gcc/x86_64-w64-mingw32/6.3.0/../../../../include/c++/6.3.0/x86_64-w64-mingw32"/>
					<Add directory="C:/msys64/mingw64/bin/../lib/gcc/x86_64-w64-mingw32/6.3.0/../../../../include/c++/6.3.0/backward"/>
					<Add directory="C:/msys64/mingw64/bin/../lib/gcc/x86_64-w64-mingw32/6.3.0/include"/>
					<Add directory="C:/msys64/mingw64/bin/../lib/gcc/x86_64-w64-mingw32/6.3.0/../../../../include"/>
					<Add directory="C:/msys64/mingw64/bin/../lib/gcc/x86_64-w64-mingw32/6.3.0/include-fixed"/>
					<Add directory="C:/msys64/mingw64/bin/../lib/gcc/x86_64-w64-mingw32/6.3.0/../../../../x86_64-w64-mingw32/include"/>
				</Compiler>
				<MakeCommands>
					<Build command="C:/msys64/usr/bin/make.exe -f &quot;C:/msys64/home/eecur/PhotoSphereViewer/Build-Debug/packages/cxpl/src/tests/Core/Makefile&quot;  VERBOSE=1 ErrorHandler/fast"/>
					<CompileFile command="C:/msys64/usr/bin/make.exe -f &quot;C:/msys64/home/eecur/PhotoSphereViewer/Build-Debug/packages/cxpl/src/tests/Core/Makefile&quot;  VERBOSE=1 &quot;$file&quot;"/>
					<Clean command="C:/msys64/usr/bin/make.exe -f &quot;C:/msys64/home/eecur/PhotoSphereViewer/Build-Debug/packages/cxpl/src/tests/Core/Makefile&quot;  VERBOSE=1 clean"/>
					<DistClean command="C:/msys64/usr/bin/make.exe -f &quot;C:/msys64/home/eecur/PhotoSphereViewer/Build-Debug/packages/cxpl/src/tests/Core/Makefile&quot;  VERBOSE=1 clean"/>
				</MakeCommands>
			</Target>
			<Target title="Sprite">
				<Option output="C:/msys64/home/eecur/PhotoSphereViewer/Build-Debug/packages/cxpl/src/tests/GL/Sprite.exe" prefix_auto="0" extension_auto="0"/>
				<Option working_dir="C:/msys64/home/eecur/PhotoSphereViewer/Build-Debug/packages/cxpl/src/tests/GL"/>
				<Option object_output="./"/>
				<Option type="1"/>
				<Option compiler="gcc"/>
				<Compiler>
					<Add directory="C:/msys64/home/eecur/PhotoSphereViewer/PUBLIC"/>
					<Add directory="C:/msys64/mingw64/include"/>
					<Add directory="C:/msys64/home/eecur/PhotoSphereViewer/packages/cxpl/include"/>
					<Add directory="C:/msys64/mingw64/bin/../lib/gcc/x86_64-w64-mingw32/6.3.0/../../../../include/c++/6.3.0"/>
					<Add directory="C:/msys64/mingw64/bin/../lib/gcc/x86_64-w64-mingw32/6.3.0/../../../../include/c++/6.3.0/x86_64-w64-mingw32"/>
					<Add directory="C:/msys64/mingw64/bin/../lib/gcc/x86_64-w64-mingw32/6.3.0/../../../../include/c++/6.3.0/backward"/>
					<Add directory="C:/msys64/mingw64/bin/../lib/gcc/x86_64-w64-mingw32/6.3.0/include"/>
					<Add directory="C:/msys64/mingw64/bin/../lib/gcc/x86_64-w64-mingw32/6.3.0/../../../../include"/>
					<Add directory="C:/msys64/mingw64/bin/../lib/gcc/x86_64-w64-mingw32/6.3.0/include-fixed"/>
					<Add directory="C:/msys64/mingw64/bin/../lib/gcc/x86_64-w64-mingw32/6.3.0/../../../../x86_64-w64-mingw32/include"/>
				</Compiler>
				<MakeCommands>
					<Build command="C:/msys64/usr/bin/make.exe -f &quot;C:/msys64/home/eecur/PhotoSphereViewer/Build-Debug/packages/cxpl/src/tests/GL/Makefile&quot;  VERBOSE=1 Sprite"/>
					<CompileFile command="C:/msys64/usr/bin/make.exe -f &quot;C:/msys64/home/eecur/PhotoSphereViewer/Build-Debug/packages/cxpl/src/tests/GL/Makefile&quot;  VERBOSE=1 &quot;$file&quot;"/>
					<Clean command="C:/msys64/usr/bin/make.exe -f &quot;C:/msys64/home/eecur/PhotoSphereViewer/Build-Debug/packages/cxpl/src/tests/GL/Makefile&quot;  VERBOSE=1 clean"/>
					<DistClean command="C:/msys64/usr/bin/make.exe -f &quot;C:/msys64/home/eecur/PhotoSphereViewer/Build-Debug/packages/cxpl/src/tests/GL/Makefile&quot;  VERBOSE=1 clean"/>
				</MakeCommands>
			</Target>
			<Target title="Sprite/fast">
				<Option output="C:/msys64/home/eecur/PhotoSphereViewer/Build-Debug/packages/cxpl/src/tests/GL/Sprite.exe" prefix_auto="0" extension_auto="0"/>
				<Option working_dir="C:/msys64/home/eecur/PhotoSphereViewer/Build-Debug/packages/cxpl/src/tests/GL"/>
				<Option object_output="./"/>
				<Option type="1"/>
				<Option compiler="gcc"/>
				<Compiler>
					<Add directory="C:/msys64/home/eecur/PhotoSphereViewer/PUBLIC"/>
					<Add directory="C:/msys64/mingw64/include"/>
					<Add directory="C:/msys64/home/eecur/PhotoSphereViewer/packages/cxpl/include"/>
					<Add directory="C:/msys64/mingw64/bin/../lib/gcc/x86_64-w64-mingw32/6.3.0/../../../../include/c++/6.3.0"/>
					<Add directory="C:/msys64/mingw64/bin/../lib/gcc/x86_64-w64-mingw32/6.3.0/../../../../include/c++/6.3.0/x86_64-w64-mingw32"/>
					<Add directory="C:/msys64/mingw64/bin/../lib/gcc/x86_64-w64-mingw32/6.3.0/../../../../include/c++/6.3.0/backward"/>
					<Add directory="C:/msys64/mingw64/bin/../lib/gcc/x86_64-w64-mingw32/6.3.0/include"/>
					<Add directory="C:/msys64/mingw64/bin/../lib/gcc/x86_64-w64-mingw32/6.3.0/../../../../include"/>
					<Add directory="C:/msys64/mingw64/bin/../lib/gcc/x86_64-w64-mingw32/6.3.0/include-fixed"/>
					<Add directory="C:/msys64/mingw64/bin/../lib/gcc/x86_64-w64-mingw32/6.3.0/../../../../x86_64-w64-mingw32/include"/>
				</Compiler>
				<MakeCommands>
					<Build command="C:/msys64/usr/bin/make.exe -f &quot;C:/msys64/home/eecur/PhotoSphereViewer/Build-Debug/packages/cxpl/src/tests/GL/Makefile&quot;  VERBOSE=1 Sprite/fast"/>
					<CompileFile command="C:/msys64/usr/bin/make.exe -f &quot;C:/msys64/home/eecur/PhotoSphereViewer/Build-Debug/packages/cxpl/src/tests/GL/Makefile&quot;  VERBOSE=1 &quot;$file&quot;"/>
					<Clean command="C:/msys64/usr/bin/make.exe -f &quot;C:/msys64/home/eecur/PhotoSphereViewer/Build-Debug/packages/cxpl/src/tests/GL/Makefile&quot;  VERBOSE=1 clean"/>
					<DistClean command="C:/msys64/usr/bin/make.exe -f &quot;C:/msys64/home/eecur/PhotoSphereViewer/Build-Debug/packages/cxpl/src/tests/GL/Makefile&quot;  VERBOSE=1 clean"/>
				</MakeCommands>
			</Target>
			<Target title="Julia">
				<Option output="C:/msys64/home/eecur/PhotoSphereViewer/Build-Debug/packages/cxpl/src/tests/GL/Julia.exe" prefix_auto="0" extension_auto="0"/>
				<Option working_dir="C:/msys64/home/eecur/PhotoSphereViewer/Build-Debug/packages/cxpl/src/tests/GL"/>
				<Option object_output="./"/>
				<Option type="1"/>
				<Option compiler="gcc"/>
				<Compiler>
					<Add directory="C:/msys64/home/eecur/PhotoSphereViewer/PUBLIC"/>
					<Add directory="C:/msys64/mingw64/include"/>
					<Add directory="C:/msys64/home/eecur/PhotoSphereViewer/packages/cxpl/include"/>
					<Add directory="C:/msys64/mingw64/bin/../lib/gcc/x86_64-w64-mingw32/6.3.0/../../../../include/c++/6.3.0"/>
					<Add directory="C:/msys64/mingw64/bin/../lib/gcc/x86_64-w64-mingw32/6.3.0/../../../../include/c++/6.3.0/x86_64-w64-mingw32"/>
					<Add directory="C:/msys64/mingw64/bin/../lib/gcc/x86_64-w64-mingw32/6.3.0/../../../../include/c++/6.3.0/backward"/>
					<Add directory="C:/msys64/mingw64/bin/../lib/gcc/x86_64-w64-mingw32/6.3.0/include"/>
					<Add directory="C:/msys64/mingw64/bin/../lib/gcc/x86_64-w64-mingw32/6.3.0/../../../../include"/>
					<Add directory="C:/msys64/mingw64/bin/../lib/gcc/x86_64-w64-mingw32/6.3.0/include-fixed"/>
					<Add directory="C:/msys64/mingw64/bin/../lib/gcc/x86_64-w64-mingw32/6.3.0/../../../../x86_64-w64-mingw32/include"/>
				</Compiler>
				<MakeCommands>
					<Build command="C:/msys64/usr/bin/make.exe -f &quot;C:/msys64/home/eecur/PhotoSphereViewer/Build-Debug/packages/cxpl/src/tests/GL/Makefile&quot;  VERBOSE=1 Julia"/>
					<CompileFile command="C:/msys64/usr/bin/make.exe -f &quot;C:/msys64/home/eecur/PhotoSphereViewer/Build-Debug/packages/cxpl/src/tests/GL/Makefile&quot;  VERBOSE=1 &quot;$file&quot;"/>
					<Clean command="C:/msys64/usr/bin/make.exe -f &quot;C:/msys64/home/eecur/PhotoSphereViewer/Build-Debug/packages/cxpl/src/tests/GL/Makefile&quot;  VERBOSE=1 clean"/>
					<DistClean command="C:/msys64/usr/bin/make.exe -f &quot;C:/msys64/home/eecur/PhotoSphereViewer/Build-Debug/packages/cxpl/src/tests/GL/Makefile&quot;  VERBOSE=1 clean"/>
				</MakeCommands>
			</Target>
			<Target title="Julia/fast">
				<Option output="C:/msys64/home/eecur/PhotoSphereViewer/Build-Debug/packages/cxpl/src/tests/GL/Julia.exe" prefix_auto="0" extension_auto="0"/>
				<Option working_dir="C:/msys64/home/eecur/PhotoSphereViewer/Build-Debug/packages/cxpl/src/tests/GL"/>
				<Option object_output="./"/>
				<Option type="1"/>
				<Option compiler="gcc"/>
				<Compiler>
					<Add directory="C:/msys64/home/eecur/PhotoSphereViewer/PUBLIC"/>
					<Add directory="C:/msys64/mingw64/include"/>
					<Add directory="C:/msys64/home/eecur/PhotoSphereViewer/packages/cxpl/include"/>
					<Add directory="C:/msys64/mingw64/bin/../lib/gcc/x86_64-w64-mingw32/6.3.0/../../../../include/c++/6.3.0"/>
					<Add directory="C:/msys64/mingw64/bin/../lib/gcc/x86_64-w64-mingw32/6.3.0/../../../../include/c++/6.3.0/x86_64-w64-mingw32"/>
					<Add directory="C:/msys64/mingw64/bin/../lib/gcc/x86_64-w64-mingw32/6.3.0/../../../../include/c++/6.3.0/backward"/>
					<Add directory="C:/msys64/mingw64/bin/../lib/gcc/x86_64-w64-mingw32/6.3.0/include"/>
					<Add directory="C:/msys64/mingw64/bin/../lib/gcc/x86_64-w64-mingw32/6.3.0/../../../../include"/>
					<Add directory="C:/msys64/mingw64/bin/../lib/gcc/x86_64-w64-mingw32/6.3.0/include-fixed"/>
					<Add directory="C:/msys64/mingw64/bin/../lib/gcc/x86_64-w64-mingw32/6.3.0/../../../../x86_64-w64-mingw32/include"/>
				</Compiler>
				<MakeCommands>
					<Build command="C:/msys64/usr/bin/make.exe -f &quot;C:/msys64/home/eecur/PhotoSphereViewer/Build-Debug/packages/cxpl/src/tests/GL/Makefile&quot;  VERBOSE=1 Julia/fast"/>
					<CompileFile command="C:/msys64/usr/bin/make.exe -f &quot;C:/msys64/home/eecur/PhotoSphereViewer/Build-Debug/packages/cxpl/src/tests/GL/Makefile&quot;  VERBOSE=1 &quot;$file&quot;"/>
					<Clean command="C:/msys64/usr/bin/make.exe -f &quot;C:/msys64/home/eecur/PhotoSphereViewer/Build-Debug/packages/cxpl/src/tests/GL/Makefile&quot;  VERBOSE=1 clean"/>
					<DistClean command="C:/msys64/usr/bin/make.exe -f &quot;C:/msys64/home/eecur/PhotoSphereViewer/Build-Debug/packages/cxpl/src/tests/GL/Makefile&quot;  VERBOSE=1 clean"/>
				</MakeCommands>
			</Target>
			<Target title="StringEncript">
				<Option output="C:/msys64/home/eecur/PhotoSphereViewer/Build-Debug/packages/cxpl/src/tools/StringEncript.exe" prefix_auto="0" extension_auto="0"/>
				<Option working_dir="C:/msys64/home/eecur/PhotoSphereViewer/Build-Debug/packages/cxpl/src/tools"/>
				<Option object_output="./"/>
				<Option type="1"/>
				<Option compiler="gcc"/>
				<Compiler>
					<Add directory="C:/msys64/home/eecur/PhotoSphereViewer/PUBLIC"/>
					<Add directory="C:/msys64/mingw64/include"/>
					<Add directory="C:/msys64/home/eecur/PhotoSphereViewer/packages/cxpl/include"/>
					<Add directory="C:/msys64/mingw64/bin/../lib/gcc/x86_64-w64-mingw32/6.3.0/../../../../include/c++/6.3.0"/>
					<Add directory="C:/msys64/mingw64/bin/../lib/gcc/x86_64-w64-mingw32/6.3.0/../../../../include/c++/6.3.0/x86_64-w64-mingw32"/>
					<Add directory="C:/msys64/mingw64/bin/../lib/gcc/x86_64-w64-mingw32/6.3.0/../../../../include/c++/6.3.0/backward"/>
					<Add directory="C:/msys64/mingw64/bin/../lib/gcc/x86_64-w64-mingw32/6.3.0/include"/>
					<Add directory="C:/msys64/mingw64/bin/../lib/gcc/x86_64-w64-mingw32/6.3.0/../../../../include"/>
					<Add directory="C:/msys64/mingw64/bin/../lib/gcc/x86_64-w64-mingw32/6.3.0/include-fixed"/>
					<Add directory="C:/msys64/mingw64/bin/../lib/gcc/x86_64-w64-mingw32/6.3.0/../../../../x86_64-w64-mingw32/include"/>
				</Compiler>
				<MakeCommands>
					<Build command="C:/msys64/usr/bin/make.exe -f &quot;C:/msys64/home/eecur/PhotoSphereViewer/Build-Debug/packages/cxpl/src/tools/Makefile&quot;  VERBOSE=1 StringEncript"/>
					<CompileFile command="C:/msys64/usr/bin/make.exe -f &quot;C:/msys64/home/eecur/PhotoSphereViewer/Build-Debug/packages/cxpl/src/tools/Makefile&quot;  VERBOSE=1 &quot;$file&quot;"/>
					<Clean command="C:/msys64/usr/bin/make.exe -f &quot;C:/msys64/home/eecur/PhotoSphereViewer/Build-Debug/packages/cxpl/src/tools/Makefile&quot;  VERBOSE=1 clean"/>
					<DistClean command="C:/msys64/usr/bin/make.exe -f &quot;C:/msys64/home/eecur/PhotoSphereViewer/Build-Debug/packages/cxpl/src/tools/Makefile&quot;  VERBOSE=1 clean"/>
				</MakeCommands>
			</Target>
			<Target title="StringEncript/fast">
				<Option output="C:/msys64/home/eecur/PhotoSphereViewer/Build-Debug/packages/cxpl/src/tools/StringEncript.exe" prefix_auto="0" extension_auto="0"/>
				<Option working_dir="C:/msys64/home/eecur/PhotoSphereViewer/Build-Debug/packages/cxpl/src/tools"/>
				<Option object_output="./"/>
				<Option type="1"/>
				<Option compiler="gcc"/>
				<Compiler>
					<Add directory="C:/msys64/home/eecur/PhotoSphereViewer/PUBLIC"/>
					<Add directory="C:/msys64/mingw64/include"/>
					<Add directory="C:/msys64/home/eecur/PhotoSphereViewer/packages/cxpl/include"/>
					<Add directory="C:/msys64/mingw64/bin/../lib/gcc/x86_64-w64-mingw32/6.3.0/../../../../include/c++/6.3.0"/>
					<Add directory="C:/msys64/mingw64/bin/../lib/gcc/x86_64-w64-mingw32/6.3.0/../../../../include/c++/6.3.0/x86_64-w64-mingw32"/>
					<Add directory="C:/msys64/mingw64/bin/../lib/gcc/x86_64-w64-mingw32/6.3.0/../../../../include/c++/6.3.0/backward"/>
					<Add directory="C:/msys64/mingw64/bin/../lib/gcc/x86_64-w64-mingw32/6.3.0/include"/>
					<Add directory="C:/msys64/mingw64/bin/../lib/gcc/x86_64-w64-mingw32/6.3.0/../../../../include"/>
					<Add directory="C:/msys64/mingw64/bin/../lib/gcc/x86_64-w64-mingw32/6.3.0/include-fixed"/>
					<Add directory="C:/msys64/mingw64/bin/../lib/gcc/x86_64-w64-mingw32/6.3.0/../../../../x86_64-w64-mingw32/include"/>
				</Compiler>
				<MakeCommands>
					<Build command="C:/msys64/usr/bin/make.exe -f &quot;C:/msys64/home/eecur/PhotoSphereViewer/Build-Debug/packages/cxpl/src/tools/Makefile&quot;  VERBOSE=1 StringEncript/fast"/>
					<CompileFile command="C:/msys64/usr/bin/make.exe -f &quot;C:/msys64/home/eecur/PhotoSphereViewer/Build-Debug/packages/cxpl/src/tools/Makefile&quot;  VERBOSE=1 &quot;$file&quot;"/>
					<Clean command="C:/msys64/usr/bin/make.exe -f &quot;C:/msys64/home/eecur/PhotoSphereViewer/Build-Debug/packages/cxpl/src/tools/Makefile&quot;  VERBOSE=1 clean"/>
					<DistClean command="C:/msys64/usr/bin/make.exe -f &quot;C:/msys64/home/eecur/PhotoSphereViewer/Build-Debug/packages/cxpl/src/tools/Makefile&quot;  VERBOSE=1 clean"/>
				</MakeCommands>
			</Target>
			<Target title="PhotoSphere">
				<Option output="C:/msys64/home/eecur/PhotoSphereViewer/Build-Debug/src/CMakeFiles/PhotoSphere.dir/PhotoSphere.objlib" prefix_auto="0" extension_auto="0"/>
				<Option working_dir="C:/msys64/home/eecur/PhotoSphereViewer/Build-Debug/src"/>
				<Option object_output="./"/>
				<Option type="2"/>
				<Option compiler="gcc"/>
				<Compiler>
					<Add directory="C:/msys64/home/eecur/PhotoSphereViewer/PUBLIC"/>
					<Add directory="C:/msys64/mingw64/include"/>
					<Add directory="C:/msys64/home/eecur/PhotoSphereViewer/packages/cxpl/include"/>
					<Add directory="C:/msys64/home/eecur/PhotoSphereViewer/include"/>
					<Add directory="C:/msys64/mingw64/bin/../lib/gcc/x86_64-w64-mingw32/6.3.0/../../../../include/c++/6.3.0"/>
					<Add directory="C:/msys64/mingw64/bin/../lib/gcc/x86_64-w64-mingw32/6.3.0/../../../../include/c++/6.3.0/x86_64-w64-mingw32"/>
					<Add directory="C:/msys64/mingw64/bin/../lib/gcc/x86_64-w64-mingw32/6.3.0/../../../../include/c++/6.3.0/backward"/>
					<Add directory="C:/msys64/mingw64/bin/../lib/gcc/x86_64-w64-mingw32/6.3.0/include"/>
					<Add directory="C:/msys64/mingw64/bin/../lib/gcc/x86_64-w64-mingw32/6.3.0/../../../../include"/>
					<Add directory="C:/msys64/mingw64/bin/../lib/gcc/x86_64-w64-mingw32/6.3.0/include-fixed"/>
					<Add directory="C:/msys64/mingw64/bin/../lib/gcc/x86_64-w64-mingw32/6.3.0/../../../../x86_64-w64-mingw32/include"/>
				</Compiler>
				<MakeCommands>
					<Build command="C:/msys64/usr/bin/make.exe -f &quot;C:/msys64/home/eecur/PhotoSphereViewer/Build-Debug/src/Makefile&quot;  VERBOSE=1 PhotoSphere"/>
					<CompileFile command="C:/msys64/usr/bin/make.exe -f &quot;C:/msys64/home/eecur/PhotoSphereViewer/Build-Debug/src/Makefile&quot;  VERBOSE=1 &quot;$file&quot;"/>
					<Clean command="C:/msys64/usr/bin/make.exe -f &quot;C:/msys64/home/eecur/PhotoSphereViewer/Build-Debug/src/Makefile&quot;  VERBOSE=1 clean"/>
					<DistClean command="C:/msys64/usr/bin/make.exe -f &quot;C:/msys64/home/eecur/PhotoSphereViewer/Build-Debug/src/Makefile&quot;  VERBOSE=1 clean"/>
				</MakeCommands>
			</Target>
			<Target title="PhotoSphere/fast">
				<Option output="C:/msys64/home/eecur/PhotoSphereViewer/Build-Debug/src/CMakeFiles/PhotoSphere.dir/PhotoSphere.objlib" prefix_auto="0" extension_auto="0"/>
				<Option working_dir="C:/msys64/home/eecur/PhotoSphereViewer/Build-Debug/src"/>
				<Option object_output="./"/>
				<Option type="2"/>
				<Option compiler="gcc"/>
				<Compiler>
					<Add directory="C:/msys64/home/eecur/PhotoSphereViewer/PUBLIC"/>
					<Add directory="C:/msys64/mingw64/include"/>
					<Add directory="C:/msys64/home/eecur/PhotoSphereViewer/packages/cxpl/include"/>
					<Add directory="C:/msys64/home/eecur/PhotoSphereViewer/include"/>
					<Add directory="C:/msys64/mingw64/bin/../lib/gcc/x86_64-w64-mingw32/6.3.0/../../../../include/c++/6.3.0"/>
					<Add directory="C:/msys64/mingw64/bin/../lib/gcc/x86_64-w64-mingw32/6.3.0/../../../../include/c++/6.3.0/x86_64-w64-mingw32"/>
					<Add directory="C:/msys64/mingw64/bin/../lib/gcc/x86_64-w64-mingw32/6.3.0/../../../../include/c++/6.3.0/backward"/>
					<Add directory="C:/msys64/mingw64/bin/../lib/gcc/x86_64-w64-mingw32/6.3.0/include"/>
					<Add directory="C:/msys64/mingw64/bin/../lib/gcc/x86_64-w64-mingw32/6.3.0/../../../../include"/>
					<Add directory="C:/msys64/mingw64/bin/../lib/gcc/x86_64-w64-mingw32/6.3.0/include-fixed"/>
					<Add directory="C:/msys64/mingw64/bin/../lib/gcc/x86_64-w64-mingw32/6.3.0/../../../../x86_64-w64-mingw32/include"/>
				</Compiler>
				<MakeCommands>
					<Build command="C:/msys64/usr/bin/make.exe -f &quot;C:/msys64/home/eecur/PhotoSphereViewer/Build-Debug/src/Makefile&quot;  VERBOSE=1 PhotoSphere/fast"/>
					<CompileFile command="C:/msys64/usr/bin/make.exe -f &quot;C:/msys64/home/eecur/PhotoSphereViewer/Build-Debug/src/Makefile&quot;  VERBOSE=1 &quot;$file&quot;"/>
					<Clean command="C:/msys64/usr/bin/make.exe -f &quot;C:/msys64/home/eecur/PhotoSphereViewer/Build-Debug/src/Makefile&quot;  VERBOSE=1 clean"/>
					<DistClean command="C:/msys64/usr/bin/make.exe -f &quot;C:/msys64/home/eecur/PhotoSphereViewer/Build-Debug/src/Makefile&quot;  VERBOSE=1 clean"/>
				</MakeCommands>
			</Target>
		</Build>
		<Unit filename="C:/msys64/home/eecur/PhotoSphereViewer/Build-Debug/src/CMakeFiles/PhotoSphere.dir/FreeGLUTDemoWindow.cpp.obj">
			<Option target="PhotoSphereViewer"/>
		</Unit>
		<Unit filename="C:/msys64/home/eecur/PhotoSphereViewer/Build-Debug/src/CMakeFiles/PhotoSphere.dir/PhotoSphere.cpp.obj">
			<Option target="PhotoSphereViewer"/>
		</Unit>
		<Unit filename="C:/msys64/home/eecur/PhotoSphereViewer/Build-Debug/src/CMakeFiles/PhotoSphere.dir/PhotoSphereProperty.cpp.obj">
			<Option target="PhotoSphereViewer"/>
		</Unit>
		<Unit filename="C:/msys64/home/eecur/PhotoSphereViewer/Build-Debug/src/CMakeFiles/PhotoSphere.dir/Utilities.cpp.obj">
			<Option target="PhotoSphereViewer"/>
		</Unit>
		<Unit filename="C:/msys64/home/eecur/PhotoSphereViewer/Build-Debug/src/CMakeFiles/PhotoSphere.dir/Window.cpp.obj">
			<Option target="PhotoSphereViewer"/>
		</Unit>
		<Unit filename="C:/msys64/home/eecur/PhotoSphereViewer/main.cpp">
			<Option target="PhotoSphereViewer"/>
		</Unit>
		<Unit filename="C:/msys64/home/eecur/PhotoSphereViewer/packages/cxpl/src/tests/Core/DependentVar.cpp">
			<Option target="DependentVar"/>
		</Unit>
		<Unit filename="C:/msys64/home/eecur/PhotoSphereViewer/packages/cxpl/src/tests/Core/DependentVar1.cpp">
			<Option target="DependentVar1"/>
		</Unit>
		<Unit filename="C:/msys64/home/eecur/PhotoSphereViewer/packages/cxpl/src/tests/Core/DynamicLoader.cpp">
			<Option target="DynamicLoader"/>
		</Unit>
		<Unit filename="C:/msys64/home/eecur/PhotoSphereViewer/packages/cxpl/src/tests/Core/DynamicLoader_lib1.cpp">
			<Option target="testDynamicLoaderLib1"/>
		</Unit>
		<Unit filename="C:/msys64/home/eecur/PhotoSphereViewer/packages/cxpl/src/tests/Core/DynamicLoader_lib2.cpp">
			<Option target="testDynamicLoaderLib2"/>
		</Unit>
		<Unit filename="C:/msys64/home/eecur/PhotoSphereViewer/packages/cxpl/src/tests/Core/ErrorHandler.cpp">
			<Option target="ErrorHandler"/>
		</Unit>
		<Unit filename="C:/msys64/home/eecur/PhotoSphereViewer/packages/cxpl/src/tests/GL/Julia.cpp">
			<Option target="Julia"/>
		</Unit>
		<Unit filename="C:/msys64/home/eecur/PhotoSphereViewer/packages/cxpl/src/tests/GL/Sprite.cpp">
			<Option target="Sprite"/>
		</Unit>
		<Unit filename="C:/msys64/home/eecur/PhotoSphereViewer/packages/cxpl/src/tools/StringEncript.cpp">
			<Option target="StringEncript"/>
		</Unit>
		<Unit filename="C:/msys64/home/eecur/PhotoSphereViewer/src/FreeGLUTDemoWindow.cpp">
			<Option target="PhotoSphere"/>
		</Unit>
		<Unit filename="C:/msys64/home/eecur/PhotoSphereViewer/src/PhotoSphere.cpp">
			<Option target="PhotoSphere"/>
		</Unit>
		<Unit filename="C:/msys64/home/eecur/PhotoSphereViewer/src/PhotoSphereProperty.cpp">
			<Option target="PhotoSphere"/>
		</Unit>
		<Unit filename="C:/msys64/home/eecur/PhotoSphereViewer/src/Utilities.cpp">
			<Option target="PhotoSphere"/>
		</Unit>
		<Unit filename="C:/msys64/home/eecur/PhotoSphereViewer/src/Window.cpp">
			<Option target="PhotoSphere"/>
		</Unit>
		<Unit filename="C:/msys64/home/eecur/PhotoSphereViewer/CMakeLists.txt">
			<Option virtualFolder="CMake Files\"/>
		</Unit>
		<Unit filename="C:/msys64/home/eecur/PhotoSphereViewer/cmake/dependencies.cmake">
			<Option virtualFolder="CMake Files\cmake\"/>
		</Unit>
		<Unit filename="C:/msys64/home/eecur/PhotoSphereViewer/cmake/Modules/FindExiv2.cmake">
			<Option virtualFolder="CMake Files\cmake\Modules\"/>
		</Unit>
		<Unit filename="C:/msys64/home/eecur/PhotoSphereViewer/cmake/Modules/FindFreeGLUT.cmake">
			<Option virtualFolder="CMake Files\cmake\Modules\"/>
		</Unit>
		<Unit filename="C:/msys64/home/eecur/PhotoSphereViewer/cmake/Modules/FindFreeImage.cmake">
			<Option virtualFolder="CMake Files\cmake\Modules\"/>
		</Unit>
		<Unit filename="C:/msys64/home/eecur/PhotoSphereViewer/cmake/Modules/FindGLM.cmake">
			<Option virtualFolder="CMake Files\cmake\Modules\"/>
		</Unit>
		<Unit filename="C:/msys64/home/eecur/PhotoSphereViewer/packages/cxpl/CMakeLists.txt">
			<Option virtualFolder="CMake Files\packages\cxpl\"/>
		</Unit>
		<Unit filename="C:/msys64/home/eecur/PhotoSphereViewer/packages/cxpl/CMakeLists.txt">
			<Option virtualFolder="CMake Files\packages\cxpl\"/>
		</Unit>
		<Unit filename="C:/msys64/home/eecur/PhotoSphereViewer/packages/cxpl/src/CMakeLists.txt">
			<Option virtualFolder="CMake Files\packages\cxpl\src\"/>
		</Unit>
		<Unit filename="C:/msys64/home/eecur/PhotoSphereViewer/packages/cxpl/src/CMakeLists.txt">
			<Option virtualFolder="CMake Files\packages\cxpl\src\"/>
		</Unit>
		<Unit filename="C:/msys64/home/eecur/PhotoSphereViewer/packages/cxpl/src/tests/CMakeLists.txt">
			<Option virtualFolder="CMake Files\packages\cxpl\src\tests\"/>
		</Unit>
		<Unit filename="C:/msys64/home/eecur/PhotoSphereViewer/packages/cxpl/src/tests/CMakeLists.txt">
			<Option virtualFolder="CMake Files\packages\cxpl\src\tests\"/>
		</Unit>
		<Unit filename="C:/msys64/home/eecur/PhotoSphereViewer/packages/cxpl/src/tests/Core/CMakeLists.txt">
			<Option virtualFolder="CMake Files\packages\cxpl\src\tests\Core\"/>
		</Unit>
		<Unit filename="C:/msys64/home/eecur/PhotoSphereViewer/packages/cxpl/src/tests/Core/CMakeLists.txt">
			<Option virtualFolder="CMake Files\packages\cxpl\src\tests\Core\"/>
		</Unit>
		<Unit filename="C:/msys64/home/eecur/PhotoSphereViewer/packages/cxpl/src/tests/GL/CMakeLists.txt">
			<Option virtualFolder="CMake Files\packages\cxpl\src\tests\GL\"/>
		</Unit>
		<Unit filename="C:/msys64/home/eecur/PhotoSphereViewer/packages/cxpl/src/tests/GL/CMakeLists.txt">
			<Option virtualFolder="CMake Files\packages\cxpl\src\tests\GL\"/>
		</Unit>
		<Unit filename="C:/msys64/home/eecur/PhotoSphereViewer/packages/cxpl/src/tools/CMakeLists.txt">
			<Option virtualFolder="CMake Files\packages\cxpl\src\tools\"/>
		</Unit>
		<Unit filename="C:/msys64/home/eecur/PhotoSphereViewer/packages/cxpl/src/tools/CMakeLists.txt">
			<Option virtualFolder="CMake Files\packages\cxpl\src\tools\"/>
		</Unit>
		<Unit filename="C:/msys64/home/eecur/PhotoSphereViewer/src/CMakeLists.txt">
			<Option virtualFolder="CMake Files\src\"/>
		</Unit>
	</Project>
</CodeBlocks_project_file>
